
Microsoft Visual Studio Solution File, Format Version 12.00
# Visual Studio Version 16
VisualStudioVersion = 16.0.30717.126
MinimumVisualStudioVersion = 10.0.40219.1
Project("{FAE04EC0-301F-11D3-BF4B-00C04F79EFBC}") = "BatteryChargeMeasure", "BatteryChargeMeasure\BatteryChargeMeasure.csproj", "{87B91C26-E2B8-4F57-84C1-F88A24184DD1}"
EndProject
Project("{FAE04EC0-301F-11D3-BF4B-00C04F79EFBC}") = "BatteryChargeMeasure.Test", "BatteryChargeMeasure.Test\BatteryChargeMeasure.Test.csproj", "{9A5C7B72-3DE5-44A5-8B6D-F93CF2EB5BAC}"
EndProject
Global
	GlobalSection(SolutionConfigurationPlatforms) = preSolution
		Debug|Any CPU = Debug|Any CPU
		Release|Any CPU = Release|Any CPU
	EndGlobalSection
	GlobalSection(ProjectConfigurationPlatforms) = postSolution
		{87B91C26-E2B8-4F57-84C1-F88A24184DD1}.Debug|Any CPU.ActiveCfg = Debug|Any CPU
		{87B91C26-E2B8-4F57-84C1-F88A24184DD1}.Debug|Any CPU.Build.0 = Debug|Any CPU
		{87B91C26-E2B8-4F57-84C1-F88A24184DD1}.Release|Any CPU.ActiveCfg = Release|Any CPU
		{87B91C26-E2B8-4F57-84C1-F88A24184DD1}.Release|Any CPU.Build.0 = Release|Any CPU
		{9A5C7B72-3DE5-44A5-8B6D-F93CF2EB5BAC}.Debug|Any CPU.ActiveCfg = Debug|Any CPU
		{9A5C7B72-3DE5-44A5-8B6D-F93CF2EB5BAC}.Debug|Any CPU.Build.0 = Debug|Any CPU
		{9A5C7B72-3DE5-44A5-8B6D-F93CF2EB5BAC}.Release|Any CPU.ActiveCfg = Release|Any CPU
		{9A5C7B72-3DE5-44A5-8B6D-F93CF2EB5BAC}.Release|Any CPU.Build.0 = Release|Any CPU
	EndGlobalSection
	GlobalSection(SolutionProperties) = preSolution
		HideSolutionNode = FALSE
	EndGlobalSection
	GlobalSection(ExtensibilityGlobals) = postSolution
		SolutionGuid = {21AB3375-2A36-4694-BA72-E2B5F29493C6}
	EndGlobalSection
EndGlobal
